
Microsoft Visual Studio Solution File, Format Version 12.00
# Visual Studio Version 17
VisualStudioVersion = 17.11.35219.272
MinimumVisualStudioVersion = 10.0.40219.1
Project("{9A19103F-16F7-4668-BE54-9A1E7A4F7556}") = "TaskList.API", "TaskList.API\TaskList.API.csproj", "{78215E79-F13D-4028-8E62-0D8726750B09}"
EndProject
Project("{9A19103F-16F7-4668-BE54-9A1E7A4F7556}") = "TaskList.Services", "TaskList.Services\TaskList.Services.csproj", "{B64D1183-7FE3-4E2B-B28B-C7F8C2F46BE6}"
EndProject
Project("{9A19103F-16F7-4668-BE54-9A1E7A4F7556}") = "TaskList.Communication", "TaskList.Communication\TaskList.Communication.csproj", "{C124F969-9FB7-418F-A83A-4A7B25639F38}"
EndProject
Project("{FAE04EC0-301F-11D3-BF4B-00C04F79EFBC}") = "TaskList.Domain", "TaskList.Domain\TaskList.Domain.csproj", "{032995F5-A5E2-4813-942E-3E39C1616270}"
EndProject
Global
	GlobalSection(SolutionConfigurationPlatforms) = preSolution
		Debug|Any CPU = Debug|Any CPU
		Release|Any CPU = Release|Any CPU
	EndGlobalSection
	GlobalSection(ProjectConfigurationPlatforms) = postSolution
		{78215E79-F13D-4028-8E62-0D8726750B09}.Debug|Any CPU.ActiveCfg = Debug|Any CPU
		{78215E79-F13D-4028-8E62-0D8726750B09}.Debug|Any CPU.Build.0 = Debug|Any CPU
		{78215E79-F13D-4028-8E62-0D8726750B09}.Release|Any CPU.ActiveCfg = Release|Any CPU
		{78215E79-F13D-4028-8E62-0D8726750B09}.Release|Any CPU.Build.0 = Release|Any CPU
		{B64D1183-7FE3-4E2B-B28B-C7F8C2F46BE6}.Debug|Any CPU.ActiveCfg = Debug|Any CPU
		{B64D1183-7FE3-4E2B-B28B-C7F8C2F46BE6}.Debug|Any CPU.Build.0 = Debug|Any CPU
		{B64D1183-7FE3-4E2B-B28B-C7F8C2F46BE6}.Release|Any CPU.ActiveCfg = Release|Any CPU
		{B64D1183-7FE3-4E2B-B28B-C7F8C2F46BE6}.Release|Any CPU.Build.0 = Release|Any CPU
		{C124F969-9FB7-418F-A83A-4A7B25639F38}.Debug|Any CPU.ActiveCfg = Debug|Any CPU
		{C124F969-9FB7-418F-A83A-4A7B25639F38}.Debug|Any CPU.Build.0 = Debug|Any CPU
		{C124F969-9FB7-418F-A83A-4A7B25639F38}.Release|Any CPU.ActiveCfg = Release|Any CPU
		{C124F969-9FB7-418F-A83A-4A7B25639F38}.Release|Any CPU.Build.0 = Release|Any CPU
		{032995F5-A5E2-4813-942E-3E39C1616270}.Debug|Any CPU.ActiveCfg = Debug|Any CPU
		{032995F5-A5E2-4813-942E-3E39C1616270}.Debug|Any CPU.Build.0 = Debug|Any CPU
		{032995F5-A5E2-4813-942E-3E39C1616270}.Release|Any CPU.ActiveCfg = Release|Any CPU
		{032995F5-A5E2-4813-942E-3E39C1616270}.Release|Any CPU.Build.0 = Release|Any CPU
	EndGlobalSection
	GlobalSection(SolutionProperties) = preSolution
		HideSolutionNode = FALSE
	EndGlobalSection
	GlobalSection(ExtensibilityGlobals) = postSolution
		SolutionGuid = {92268A33-3579-4B9B-8A4D-AEADFA5A77BE}
	EndGlobalSection
EndGlobal
